
Microsoft Visual Studio Solution File, Format Version 12.00
# Visual Studio Version 17
VisualStudioVersion = 17.5.2.0
MinimumVisualStudioVersion = 10.0.40219.1
Project("{2150E333-8FDC-42A3-9474-1A3956D46DE8}") = "src", "src", "{827E0CD3-B72D-47B6-A68D-7590B98EB39B}"
EndProject
Project("{FAE04EC0-301F-11D3-BF4B-00C04F79EFBC}") = "Assessment.Api", "src\Api\Assessment.Api.csproj", "{D60815D7-7F31-4066-8F17-632AA43BC509}"
EndProject
Project("{FAE04EC0-301F-11D3-BF4B-00C04F79EFBC}") = "Assessment.Domain", "src\Domain\Assessment.Domain.csproj", "{C7A953C9-685A-4925-B9CD-5F0A70997158}"
EndProject
Project("{FAE04EC0-301F-11D3-BF4B-00C04F79EFBC}") = "Assessment.Infrastructure", "src\Infrastructure\Assessment.Infrastructure.csproj", "{51AFDED5-62B5-4BBD-9126-2CDE4B615EC5}"
EndProject
Project("{FAE04EC0-301F-11D3-BF4B-00C04F79EFBC}") = "Assessment.Web", "src\Web\Assessment.Web.csproj", "{560DB146-9E92-425C-A0E4-471C82FC24DE}"
EndProject
Project("{2150E333-8FDC-42A3-9474-1A3956D46DE8}") = "tests", "tests", "{0AB3BF05-4346-4AA6-1389-037BE0695223}"
EndProject
Project("{FAE04EC0-301F-11D3-BF4B-00C04F79EFBC}") = "Assessment.Api.IntegrationTests", "tests\Assessment.Api.IntegrationTests\Assessment.Api.IntegrationTests.csproj", "{8F0532F7-D02A-4B3C-9E5F-8AF1A6416DE7}"
EndProject
Project("{FAE04EC0-301F-11D3-BF4B-00C04F79EFBC}") = "Assessment.Api.UnitTests", "tests\Assessment.Api.UnitTests\Assessment.Api.UnitTests.csproj", "{50C910BF-185E-4785-992F-0E3894098560}"
EndProject
Global
	GlobalSection(SolutionConfigurationPlatforms) = preSolution
		Debug|Any CPU = Debug|Any CPU
		Debug|x64 = Debug|x64
		Debug|x86 = Debug|x86
		Release|Any CPU = Release|Any CPU
		Release|x64 = Release|x64
		Release|x86 = Release|x86
	EndGlobalSection
	GlobalSection(ProjectConfigurationPlatforms) = postSolution
		{D60815D7-7F31-4066-8F17-632AA43BC509}.Debug|Any CPU.ActiveCfg = Debug|Any CPU
		{D60815D7-7F31-4066-8F17-632AA43BC509}.Debug|Any CPU.Build.0 = Debug|Any CPU
		{D60815D7-7F31-4066-8F17-632AA43BC509}.Debug|x64.ActiveCfg = Debug|Any CPU
		{D60815D7-7F31-4066-8F17-632AA43BC509}.Debug|x64.Build.0 = Debug|Any CPU
		{D60815D7-7F31-4066-8F17-632AA43BC509}.Debug|x86.ActiveCfg = Debug|Any CPU
		{D60815D7-7F31-4066-8F17-632AA43BC509}.Debug|x86.Build.0 = Debug|Any CPU
		{D60815D7-7F31-4066-8F17-632AA43BC509}.Release|Any CPU.ActiveCfg = Release|Any CPU
		{D60815D7-7F31-4066-8F17-632AA43BC509}.Release|Any CPU.Build.0 = Release|Any CPU
		{D60815D7-7F31-4066-8F17-632AA43BC509}.Release|x64.ActiveCfg = Release|Any CPU
		{D60815D7-7F31-4066-8F17-632AA43BC509}.Release|x64.Build.0 = Release|Any CPU
		{D60815D7-7F31-4066-8F17-632AA43BC509}.Release|x86.ActiveCfg = Release|Any CPU
		{D60815D7-7F31-4066-8F17-632AA43BC509}.Release|x86.Build.0 = Release|Any CPU
		{C7A953C9-685A-4925-B9CD-5F0A70997158}.Debug|Any CPU.ActiveCfg = Debug|Any CPU
		{C7A953C9-685A-4925-B9CD-5F0A70997158}.Debug|Any CPU.Build.0 = Debug|Any CPU
		{C7A953C9-685A-4925-B9CD-5F0A70997158}.Debug|x64.ActiveCfg = Debug|Any CPU
		{C7A953C9-685A-4925-B9CD-5F0A70997158}.Debug|x64.Build.0 = Debug|Any CPU
		{C7A953C9-685A-4925-B9CD-5F0A70997158}.Debug|x86.ActiveCfg = Debug|Any CPU
		{C7A953C9-685A-4925-B9CD-5F0A70997158}.Debug|x86.Build.0 = Debug|Any CPU
		{C7A953C9-685A-4925-B9CD-5F0A70997158}.Release|Any CPU.ActiveCfg = Release|Any CPU
		{C7A953C9-685A-4925-B9CD-5F0A70997158}.Release|Any CPU.Build.0 = Release|Any CPU
		{C7A953C9-685A-4925-B9CD-5F0A70997158}.Release|x64.ActiveCfg = Release|Any CPU
		{C7A953C9-685A-4925-B9CD-5F0A70997158}.Release|x64.Build.0 = Release|Any CPU
		{C7A953C9-685A-4925-B9CD-5F0A70997158}.Release|x86.ActiveCfg = Release|Any CPU
		{C7A953C9-685A-4925-B9CD-5F0A70997158}.Release|x86.Build.0 = Release|Any CPU
		{51AFDED5-62B5-4BBD-9126-2CDE4B615EC5}.Debug|Any CPU.ActiveCfg = Debug|Any CPU
		{51AFDED5-62B5-4BBD-9126-2CDE4B615EC5}.Debug|Any CPU.Build.0 = Debug|Any CPU
		{51AFDED5-62B5-4BBD-9126-2CDE4B615EC5}.Debug|x64.ActiveCfg = Debug|Any CPU
		{51AFDED5-62B5-4BBD-9126-2CDE4B615EC5}.Debug|x64.Build.0 = Debug|Any CPU
		{51AFDED5-62B5-4BBD-9126-2CDE4B615EC5}.Debug|x86.ActiveCfg = Debug|Any CPU
		{51AFDED5-62B5-4BBD-9126-2CDE4B615EC5}.Debug|x86.Build.0 = Debug|Any CPU
		{51AFDED5-62B5-4BBD-9126-2CDE4B615EC5}.Release|Any CPU.ActiveCfg = Release|Any CPU
		{51AFDED5-62B5-4BBD-9126-2CDE4B615EC5}.Release|Any CPU.Build.0 = Release|Any CPU
		{51AFDED5-62B5-4BBD-9126-2CDE4B615EC5}.Release|x64.ActiveCfg = Release|Any CPU
		{51AFDED5-62B5-4BBD-9126-2CDE4B615EC5}.Release|x64.Build.0 = Release|Any CPU
		{51AFDED5-62B5-4BBD-9126-2CDE4B615EC5}.Release|x86.ActiveCfg = Release|Any CPU
		{51AFDED5-62B5-4BBD-9126-2CDE4B615EC5}.Release|x86.Build.0 = Release|Any CPU
		{560DB146-9E92-425C-A0E4-471C82FC24DE}.Debug|Any CPU.ActiveCfg = Debug|Any CPU
		{560DB146-9E92-425C-A0E4-471C82FC24DE}.Debug|Any CPU.Build.0 = Debug|Any CPU
		{560DB146-9E92-425C-A0E4-471C82FC24DE}.Debug|x64.ActiveCfg = Debug|Any CPU
		{560DB146-9E92-425C-A0E4-471C82FC24DE}.Debug|x64.Build.0 = Debug|Any CPU
		{560DB146-9E92-425C-A0E4-471C82FC24DE}.Debug|x86.ActiveCfg = Debug|Any CPU
		{560DB146-9E92-425C-A0E4-471C82FC24DE}.Debug|x86.Build.0 = Debug|Any CPU
		{560DB146-9E92-425C-A0E4-471C82FC24DE}.Release|Any CPU.ActiveCfg = Release|Any CPU
		{560DB146-9E92-425C-A0E4-471C82FC24DE}.Release|Any CPU.Build.0 = Release|Any CPU
		{560DB146-9E92-425C-A0E4-471C82FC24DE}.Release|x64.ActiveCfg = Release|Any CPU
		{560DB146-9E92-425C-A0E4-471C82FC24DE}.Release|x64.Build.0 = Release|Any CPU
		{560DB146-9E92-425C-A0E4-471C82FC24DE}.Release|x86.ActiveCfg = Release|Any CPU
		{560DB146-9E92-425C-A0E4-471C82FC24DE}.Release|x86.Build.0 = Release|Any CPU
		{8F0532F7-D02A-4B3C-9E5F-8AF1A6416DE7}.Debug|Any CPU.ActiveCfg = Debug|Any CPU
		{8F0532F7-D02A-4B3C-9E5F-8AF1A6416DE7}.Debug|Any CPU.Build.0 = Debug|Any CPU
		{8F0532F7-D02A-4B3C-9E5F-8AF1A6416DE7}.Debug|x64.ActiveCfg = Debug|Any CPU
		{8F0532F7-D02A-4B3C-9E5F-8AF1A6416DE7}.Debug|x64.Build.0 = Debug|Any CPU
		{8F0532F7-D02A-4B3C-9E5F-8AF1A6416DE7}.Debug|x86.ActiveCfg = Debug|Any CPU
		{8F0532F7-D02A-4B3C-9E5F-8AF1A6416DE7}.Debug|x86.Build.0 = Debug|Any CPU
		{8F0532F7-D02A-4B3C-9E5F-8AF1A6416DE7}.Release|Any CPU.ActiveCfg = Release|Any CPU
		{8F0532F7-D02A-4B3C-9E5F-8AF1A6416DE7}.Release|Any CPU.Build.0 = Release|Any CPU
		{8F0532F7-D02A-4B3C-9E5F-8AF1A6416DE7}.Release|x64.ActiveCfg = Release|Any CPU
		{8F0532F7-D02A-4B3C-9E5F-8AF1A6416DE7}.Release|x64.Build.0 = Release|Any CPU
		{8F0532F7-D02A-4B3C-9E5F-8AF1A6416DE7}.Release|x86.ActiveCfg = Release|Any CPU
		{8F0532F7-D02A-4B3C-9E5F-8AF1A6416DE7}.Release|x86.Build.0 = Release|Any CPU
		{50C910BF-185E-4785-992F-0E3894098560}.Debug|Any CPU.ActiveCfg = Debug|Any CPU
		{50C910BF-185E-4785-992F-0E3894098560}.Debug|Any CPU.Build.0 = Debug|Any CPU
		{50C910BF-185E-4785-992F-0E3894098560}.Debug|x64.ActiveCfg = Debug|Any CPU
		{50C910BF-185E-4785-992F-0E3894098560}.Debug|x64.Build.0 = Debug|Any CPU
		{50C910BF-185E-4785-992F-0E3894098560}.Debug|x86.ActiveCfg = Debug|Any CPU
		{50C910BF-185E-4785-992F-0E3894098560}.Debug|x86.Build.0 = Debug|Any CPU
		{50C910BF-185E-4785-992F-0E3894098560}.Release|Any CPU.ActiveCfg = Release|Any CPU
		{50C910BF-185E-4785-992F-0E3894098560}.Release|Any CPU.Build.0 = Release|Any CPU
		{50C910BF-185E-4785-992F-0E3894098560}.Release|x64.ActiveCfg = Release|Any CPU
		{50C910BF-185E-4785-992F-0E3894098560}.Release|x64.Build.0 = Release|Any CPU
		{50C910BF-185E-4785-992F-0E3894098560}.Release|x86.ActiveCfg = Release|Any CPU
		{50C910BF-185E-4785-992F-0E3894098560}.Release|x86.Build.0 = Release|Any CPU
	EndGlobalSection
	GlobalSection(SolutionProperties) = preSolution
		HideSolutionNode = FALSE
	EndGlobalSection
	GlobalSection(NestedProjects) = preSolution
		{D60815D7-7F31-4066-8F17-632AA43BC509} = {827E0CD3-B72D-47B6-A68D-7590B98EB39B}
		{C7A953C9-685A-4925-B9CD-5F0A70997158} = {827E0CD3-B72D-47B6-A68D-7590B98EB39B}
		{51AFDED5-62B5-4BBD-9126-2CDE4B615EC5} = {827E0CD3-B72D-47B6-A68D-7590B98EB39B}
		{560DB146-9E92-425C-A0E4-471C82FC24DE} = {827E0CD3-B72D-47B6-A68D-7590B98EB39B}
		{8F0532F7-D02A-4B3C-9E5F-8AF1A6416DE7} = {0AB3BF05-4346-4AA6-1389-037BE0695223}
		{50C910BF-185E-4785-992F-0E3894098560} = {0AB3BF05-4346-4AA6-1389-037BE0695223}
	EndGlobalSection
	GlobalSection(ExtensibilityGlobals) = postSolution
		SolutionGuid = {87247B01-D9AB-4674-AD7B-D09FA499A27A}
	EndGlobalSection
EndGlobal
