Microsoft Visual Studio Solution File, Format Version 12.00
# Visual Studio Version 17
VisualStudioVersion = 17.5.2.0
MinimumVisualStudioVersion = 10.0.40219.1
Project("{2150E333-8FDC-42A3-9474-1A3956D46DE8}") = "src", "src", "{827E0CD3-B72D-47B6-A68D-7590B98EB39B}"
EndProject
Project("{2150E333-8FDC-42A3-9474-1A3956D46DE8}") = "Infrastructure", "Infrastructure", "{9048EB7F-3875-A59E-E36B-5BD4C6F2A282}"
EndProject
Project("{FAE04EC0-301F-11D3-BF4B-00C04F79EFBC}") = "Assessment.Infrastructure", "src\Infrastructure\Assessment.Infrastructure.csproj", "{99982859-96F4-4F51-5138-BB7BAB4D987B}"
EndProject
Global
	GlobalSection(SolutionConfigurationPlatforms) = preSolution
		Debug|Any CPU = Debug|Any CPU
		Release|Any CPU = Release|Any CPU
	EndGlobalSection
	GlobalSection(ProjectConfigurationPlatforms) = postSolution
		{99982859-96F4-4F51-5138-BB7BAB4D987B}.Debug|Any CPU.ActiveCfg = Debug|Any CPU
		{99982859-96F4-4F51-5138-BB7BAB4D987B}.Debug|Any CPU.Build.0 = Debug|Any CPU
		{99982859-96F4-4F51-5138-BB7BAB4D987B}.Release|Any CPU.ActiveCfg = Release|Any CPU
		{99982859-96F4-4F51-5138-BB7BAB4D987B}.Release|Any CPU.Build.0 = Release|Any CPU
	EndGlobalSection
	GlobalSection(SolutionProperties) = preSolution
		HideSolutionNode = FALSE
	EndGlobalSection
	GlobalSection(NestedProjects) = preSolution
		{9048EB7F-3875-A59E-E36B-5BD4C6F2A282} = {827E0CD3-B72D-47B6-A68D-7590B98EB39B}
		{99982859-96F4-4F51-5138-BB7BAB4D987B} = {9048EB7F-3875-A59E-E36B-5BD4C6F2A282}
	EndGlobalSection
	GlobalSection(ExtensibilityGlobals) = postSolution
		SolutionGuid = {87247B01-D9AB-4674-AD7B-D09FA499A27A}
	EndGlobalSection
EndGlobal
