
Microsoft Visual Studio Solution File, Format Version 12.00
# Visual Studio Version 17
VisualStudioVersion = 17.5.2.0
MinimumVisualStudioVersion = 10.0.40219.1
Project("{2150E333-8FDC-42A3-9474-1A3956D46DE8}") = "src", "src", "{827E0CD3-B72D-47B6-A68D-7590B98EB39B}"
EndProject
Project("{2150E333-8FDC-42A3-9474-1A3956D46DE8}") = "Infrastructure", "Infrastructure", "{9048EB7F-3875-A59E-E36B-5BD4C6F2A282}"
EndProject
Project("{FAE04EC0-301F-11D3-BF4B-00C04F79EFBC}") = "Assessment.Infrastructure", "src\Infrastructure\Assessment.Infrastructure.csproj", "{99982859-96F4-4F51-5138-BB7BAB4D987B}"
EndProject
Project("{2150E333-8FDC-42A3-9474-1A3956D46DE8}") = "tests", "tests", "{0AB3BF05-4346-4AA6-1389-037BE0695223}"
EndProject
Project("{FAE04EC0-301F-11D3-BF4B-00C04F79EFBC}") = "Assessment.Api.IntegrationTests", "tests\Assessment.Api.IntegrationTests\Assessment.Api.IntegrationTests.csproj", "{CD454AD2-5712-4AA7-A574-4F358249A243}"
EndProject
Project("{2150E333-8FDC-42A3-9474-1A3956D46DE8}") = "Web", "Web", "{03997797-E7F5-0643-168D-B8EA7178C2FE}"
EndProject
Project("{FAE04EC0-301F-11D3-BF4B-00C04F79EFBC}") = "Assessment.Web", "src\Web\Assessment.Web.csproj", "{BB28FAE1-2272-43B8-8E87-63B50EB3E457}"
EndProject
Global
	GlobalSection(SolutionConfigurationPlatforms) = preSolution
		Debug|Any CPU = Debug|Any CPU
		Debug|x64 = Debug|x64
		Debug|x86 = Debug|x86
		Release|Any CPU = Release|Any CPU
		Release|x64 = Release|x64
		Release|x86 = Release|x86
	EndGlobalSection
	GlobalSection(ProjectConfigurationPlatforms) = postSolution
		{99982859-96F4-4F51-5138-BB7BAB4D987B}.Debug|Any CPU.ActiveCfg = Debug|Any CPU
		{99982859-96F4-4F51-5138-BB7BAB4D987B}.Debug|Any CPU.Build.0 = Debug|Any CPU
		{99982859-96F4-4F51-5138-BB7BAB4D987B}.Debug|x64.ActiveCfg = Debug|Any CPU
		{99982859-96F4-4F51-5138-BB7BAB4D987B}.Debug|x64.Build.0 = Debug|Any CPU
		{99982859-96F4-4F51-5138-BB7BAB4D987B}.Debug|x86.ActiveCfg = Debug|Any CPU
		{99982859-96F4-4F51-5138-BB7BAB4D987B}.Debug|x86.Build.0 = Debug|Any CPU
		{99982859-96F4-4F51-5138-BB7BAB4D987B}.Release|Any CPU.ActiveCfg = Release|Any CPU
		{99982859-96F4-4F51-5138-BB7BAB4D987B}.Release|Any CPU.Build.0 = Release|Any CPU
		{99982859-96F4-4F51-5138-BB7BAB4D987B}.Release|x64.ActiveCfg = Release|Any CPU
		{99982859-96F4-4F51-5138-BB7BAB4D987B}.Release|x64.Build.0 = Release|Any CPU
		{99982859-96F4-4F51-5138-BB7BAB4D987B}.Release|x86.ActiveCfg = Release|Any CPU
		{99982859-96F4-4F51-5138-BB7BAB4D987B}.Release|x86.Build.0 = Release|Any CPU
		{CD454AD2-5712-4AA7-A574-4F358249A243}.Debug|Any CPU.ActiveCfg = Debug|Any CPU
		{CD454AD2-5712-4AA7-A574-4F358249A243}.Debug|Any CPU.Build.0 = Debug|Any CPU
		{CD454AD2-5712-4AA7-A574-4F358249A243}.Debug|x64.ActiveCfg = Debug|Any CPU
		{CD454AD2-5712-4AA7-A574-4F358249A243}.Debug|x64.Build.0 = Debug|Any CPU
		{CD454AD2-5712-4AA7-A574-4F358249A243}.Debug|x86.ActiveCfg = Debug|Any CPU
		{CD454AD2-5712-4AA7-A574-4F358249A243}.Debug|x86.Build.0 = Debug|Any CPU
		{CD454AD2-5712-4AA7-A574-4F358249A243}.Release|Any CPU.ActiveCfg = Release|Any CPU
		{CD454AD2-5712-4AA7-A574-4F358249A243}.Release|Any CPU.Build.0 = Release|Any CPU
		{CD454AD2-5712-4AA7-A574-4F358249A243}.Release|x64.ActiveCfg = Release|Any CPU
		{CD454AD2-5712-4AA7-A574-4F358249A243}.Release|x64.Build.0 = Release|Any CPU
		{CD454AD2-5712-4AA7-A574-4F358249A243}.Release|x86.ActiveCfg = Release|Any CPU
		{CD454AD2-5712-4AA7-A574-4F358249A243}.Release|x86.Build.0 = Release|Any CPU
		{BB28FAE1-2272-43B8-8E87-63B50EB3E457}.Debug|Any CPU.ActiveCfg = Debug|Any CPU
		{BB28FAE1-2272-43B8-8E87-63B50EB3E457}.Debug|Any CPU.Build.0 = Debug|Any CPU
		{BB28FAE1-2272-43B8-8E87-63B50EB3E457}.Debug|x64.ActiveCfg = Debug|Any CPU
		{BB28FAE1-2272-43B8-8E87-63B50EB3E457}.Debug|x64.Build.0 = Debug|Any CPU
		{BB28FAE1-2272-43B8-8E87-63B50EB3E457}.Debug|x86.ActiveCfg = Debug|Any CPU
		{BB28FAE1-2272-43B8-8E87-63B50EB3E457}.Debug|x86.Build.0 = Debug|Any CPU
		{BB28FAE1-2272-43B8-8E87-63B50EB3E457}.Release|Any CPU.ActiveCfg = Release|Any CPU
		{BB28FAE1-2272-43B8-8E87-63B50EB3E457}.Release|Any CPU.Build.0 = Release|Any CPU
		{BB28FAE1-2272-43B8-8E87-63B50EB3E457}.Release|x64.ActiveCfg = Release|Any CPU
		{BB28FAE1-2272-43B8-8E87-63B50EB3E457}.Release|x64.Build.0 = Release|Any CPU
		{BB28FAE1-2272-43B8-8E87-63B50EB3E457}.Release|x86.ActiveCfg = Release|Any CPU
		{BB28FAE1-2272-43B8-8E87-63B50EB3E457}.Release|x86.Build.0 = Release|Any CPU
	EndGlobalSection
	GlobalSection(SolutionProperties) = preSolution
		HideSolutionNode = FALSE
	EndGlobalSection
	GlobalSection(NestedProjects) = preSolution
		{9048EB7F-3875-A59E-E36B-5BD4C6F2A282} = {827E0CD3-B72D-47B6-A68D-7590B98EB39B}
		{99982859-96F4-4F51-5138-BB7BAB4D987B} = {9048EB7F-3875-A59E-E36B-5BD4C6F2A282}
		{CD454AD2-5712-4AA7-A574-4F358249A243} = {0AB3BF05-4346-4AA6-1389-037BE0695223}
		{03997797-E7F5-0643-168D-B8EA7178C2FE} = {827E0CD3-B72D-47B6-A68D-7590B98EB39B}
		{BB28FAE1-2272-43B8-8E87-63B50EB3E457} = {03997797-E7F5-0643-168D-B8EA7178C2FE}
	EndGlobalSection
	GlobalSection(ExtensibilityGlobals) = postSolution
		SolutionGuid = {87247B01-D9AB-4674-AD7B-D09FA499A27A}
	EndGlobalSection
EndGlobal
